
Microsoft Visual Studio Solution File, Format Version 12.00
# Visual Studio Version 17
VisualStudioVersion = 17.0.31903.59
MinimumVisualStudioVersion = 10.0.40219.1
Project("{9A19103F-16F7-4668-BE54-9A1E7A4F7556}") = "Samples", "Samples\Samples.csproj", "{9D0528FB-6307-4098-97A8-F3F29161FA20}"
EndProject
Project("{9A19103F-16F7-4668-BE54-9A1E7A4F7556}") = "Simulator", "Simulator\Simulator.csproj", "{7CAEFB7B-8EE6-46CE-B2A2-403624349D1C}"
EndProject
Project("{9A19103F-16F7-4668-BE54-9A1E7A4F7556}") = "SOEM", "SOEM\SOEM.csproj", "{49FF50B0-F32B-43D5-8C48-47713CB90FF8}"
EndProject
Project("{9A19103F-16F7-4668-BE54-9A1E7A4F7556}") = "TwinCAT", "TwinCAT\TwinCAT.csproj", "{15EB7722-FE8F-4780-A471-5707E94EB419}"
EndProject
Project("{9A19103F-16F7-4668-BE54-9A1E7A4F7556}") = "RemoveTwinCAT", "RemoveTwinCAT\RemoveTwinCAT.csproj", "{34B5F5DE-B9E9-455B-B810-408996B4F1A2}"
EndProject
Project("{9A19103F-16F7-4668-BE54-9A1E7A4F7556}") = "GeometryViewer", "GeometryViewer\GeometryViewer.csproj", "{6AC4D1EB-226C-4396-8E32-1723AA9F352B}"
EndProject
Global
	GlobalSection(SolutionConfigurationPlatforms) = preSolution
		Debug|Any CPU = Debug|Any CPU
		Release|Any CPU = Release|Any CPU
	EndGlobalSection
	GlobalSection(ProjectConfigurationPlatforms) = postSolution
		{9D0528FB-6307-4098-97A8-F3F29161FA20}.Debug|Any CPU.ActiveCfg = Debug|Any CPU
		{9D0528FB-6307-4098-97A8-F3F29161FA20}.Debug|Any CPU.Build.0 = Debug|Any CPU
		{9D0528FB-6307-4098-97A8-F3F29161FA20}.Release|Any CPU.ActiveCfg = Release|Any CPU
		{9D0528FB-6307-4098-97A8-F3F29161FA20}.Release|Any CPU.Build.0 = Release|Any CPU
		{EC4EC518-A184-4F42-A1DE-BAD67073C545}.Debug|Any CPU.ActiveCfg = Debug|Any CPU
		{EC4EC518-A184-4F42-A1DE-BAD67073C545}.Debug|Any CPU.Build.0 = Debug|Any CPU
		{EC4EC518-A184-4F42-A1DE-BAD67073C545}.Release|Any CPU.ActiveCfg = Release|Any CPU
		{EC4EC518-A184-4F42-A1DE-BAD67073C545}.Release|Any CPU.Build.0 = Release|Any CPU
		{7CAEFB7B-8EE6-46CE-B2A2-403624349D1C}.Debug|Any CPU.ActiveCfg = Debug|Any CPU
		{7CAEFB7B-8EE6-46CE-B2A2-403624349D1C}.Debug|Any CPU.Build.0 = Debug|Any CPU
		{7CAEFB7B-8EE6-46CE-B2A2-403624349D1C}.Release|Any CPU.ActiveCfg = Release|Any CPU
		{7CAEFB7B-8EE6-46CE-B2A2-403624349D1C}.Release|Any CPU.Build.0 = Release|Any CPU
		{49FF50B0-F32B-43D5-8C48-47713CB90FF8}.Debug|Any CPU.ActiveCfg = Debug|Any CPU
		{49FF50B0-F32B-43D5-8C48-47713CB90FF8}.Debug|Any CPU.Build.0 = Debug|Any CPU
		{49FF50B0-F32B-43D5-8C48-47713CB90FF8}.Release|Any CPU.ActiveCfg = Release|Any CPU
		{49FF50B0-F32B-43D5-8C48-47713CB90FF8}.Release|Any CPU.Build.0 = Release|Any CPU
		{15EB7722-FE8F-4780-A471-5707E94EB419}.Debug|Any CPU.ActiveCfg = Debug|Any CPU
		{15EB7722-FE8F-4780-A471-5707E94EB419}.Debug|Any CPU.Build.0 = Debug|Any CPU
		{15EB7722-FE8F-4780-A471-5707E94EB419}.Release|Any CPU.ActiveCfg = Release|Any CPU
		{15EB7722-FE8F-4780-A471-5707E94EB419}.Release|Any CPU.Build.0 = Release|Any CPU
		{34B5F5DE-B9E9-455B-B810-408996B4F1A2}.Debug|Any CPU.ActiveCfg = Debug|Any CPU
		{34B5F5DE-B9E9-455B-B810-408996B4F1A2}.Debug|Any CPU.Build.0 = Debug|Any CPU
		{34B5F5DE-B9E9-455B-B810-408996B4F1A2}.Release|Any CPU.ActiveCfg = Release|Any CPU
		{34B5F5DE-B9E9-455B-B810-408996B4F1A2}.Release|Any CPU.Build.0 = Release|Any CPU
		{6AC4D1EB-226C-4396-8E32-1723AA9F352B}.Debug|Any CPU.ActiveCfg = Debug|Any CPU
		{6AC4D1EB-226C-4396-8E32-1723AA9F352B}.Debug|Any CPU.Build.0 = Debug|Any CPU
		{6AC4D1EB-226C-4396-8E32-1723AA9F352B}.Release|Any CPU.ActiveCfg = Release|Any CPU
		{6AC4D1EB-226C-4396-8E32-1723AA9F352B}.Release|Any CPU.Build.0 = Release|Any CPU
	EndGlobalSection
	GlobalSection(SolutionProperties) = preSolution
		HideSolutionNode = FALSE
	EndGlobalSection
	GlobalSection(ExtensibilityGlobals) = postSolution
		SolutionGuid = {36C554C5-D3AF-4BDF-95E1-E645CF4D1069}
	EndGlobalSection
EndGlobal
