
Microsoft Visual Studio Solution File, Format Version 12.00
# Visual Studio Version 17
VisualStudioVersion = 17.0.31903.59
MinimumVisualStudioVersion = 10.0.40219.1
Project("{9A19103F-16F7-4668-BE54-9A1E7A4F7556}") = "Samples", "Samples\Samples.csproj", "{9D0528FB-6307-4098-97A8-F3F29161FA20}"
EndProject
Project("{9A19103F-16F7-4668-BE54-9A1E7A4F7556}") = "Simulator", "Simulator\Simulator.csproj", "{7CAEFB7B-8EE6-46CE-B2A2-403624349D1C}"
EndProject
Project("{9A19103F-16F7-4668-BE54-9A1E7A4F7556}") = "SOEM", "SOEM\SOEM.csproj", "{49FF50B0-F32B-43D5-8C48-47713CB90FF8}"
EndProject
Project("{9A19103F-16F7-4668-BE54-9A1E7A4F7556}") = "TwinCAT", "TwinCAT\TwinCAT.csproj", "{15EB7722-FE8F-4780-A471-5707E94EB419}"
EndProject
Project("{9A19103F-16F7-4668-BE54-9A1E7A4F7556}") = "RemoveTwinCAT", "RemoveTwinCAT\RemoveTwinCAT.csproj", "{34B5F5DE-B9E9-455B-B810-408996B4F1A2}"
EndProject
Project("{9A19103F-16F7-4668-BE54-9A1E7A4F7556}") = "GeometryViewer", "GeometryViewer\GeometryViewer.csproj", "{6AC4D1EB-226C-4396-8E32-1723AA9F352B}"
EndProject
Project("{FAE04EC0-301F-11D3-BF4B-00C04F79EFBC}") = "Debug", "Debug\Debug.csproj", "{2739590F-5BEF-41E3-BC9B-F3142BF48511}"
EndProject
Project("{FAE04EC0-301F-11D3-BF4B-00C04F79EFBC}") = "RemoteSOEM", "RemoteSOEM\RemoteSOEM.csproj", "{55F1A21E-45F4-4AEA-BE2D-A57E77D2892A}"
EndProject
Project("{FAE04EC0-301F-11D3-BF4B-00C04F79EFBC}") = "GroupGain", "GroupGain\GroupGain.csproj", "{C0C3B26E-1352-4C2D-9577-D791B2D2097E}"
EndProject
Project("{FAE04EC0-301F-11D3-BF4B-00C04F79EFBC}") = "FreqConfig", "FreqConfig\FreqConfig.csproj", "{21D247EF-33D8-49DB-9E1B-1C0E9EA8A40F}"
EndProject
Global
	GlobalSection(SolutionConfigurationPlatforms) = preSolution
		Debug|Any CPU = Debug|Any CPU
		Release|Any CPU = Release|Any CPU
	EndGlobalSection
	GlobalSection(ProjectConfigurationPlatforms) = postSolution
		{9D0528FB-6307-4098-97A8-F3F29161FA20}.Debug|Any CPU.ActiveCfg = Debug|Any CPU
		{9D0528FB-6307-4098-97A8-F3F29161FA20}.Debug|Any CPU.Build.0 = Debug|Any CPU
		{9D0528FB-6307-4098-97A8-F3F29161FA20}.Release|Any CPU.ActiveCfg = Release|Any CPU
		{9D0528FB-6307-4098-97A8-F3F29161FA20}.Release|Any CPU.Build.0 = Release|Any CPU
		{7CAEFB7B-8EE6-46CE-B2A2-403624349D1C}.Debug|Any CPU.ActiveCfg = Debug|Any CPU
		{7CAEFB7B-8EE6-46CE-B2A2-403624349D1C}.Debug|Any CPU.Build.0 = Debug|Any CPU
		{7CAEFB7B-8EE6-46CE-B2A2-403624349D1C}.Release|Any CPU.ActiveCfg = Release|Any CPU
		{7CAEFB7B-8EE6-46CE-B2A2-403624349D1C}.Release|Any CPU.Build.0 = Release|Any CPU
		{49FF50B0-F32B-43D5-8C48-47713CB90FF8}.Debug|Any CPU.ActiveCfg = Debug|Any CPU
		{49FF50B0-F32B-43D5-8C48-47713CB90FF8}.Debug|Any CPU.Build.0 = Debug|Any CPU
		{49FF50B0-F32B-43D5-8C48-47713CB90FF8}.Release|Any CPU.ActiveCfg = Release|Any CPU
		{49FF50B0-F32B-43D5-8C48-47713CB90FF8}.Release|Any CPU.Build.0 = Release|Any CPU
		{15EB7722-FE8F-4780-A471-5707E94EB419}.Debug|Any CPU.ActiveCfg = Debug|Any CPU
		{15EB7722-FE8F-4780-A471-5707E94EB419}.Debug|Any CPU.Build.0 = Debug|Any CPU
		{15EB7722-FE8F-4780-A471-5707E94EB419}.Release|Any CPU.ActiveCfg = Release|Any CPU
		{15EB7722-FE8F-4780-A471-5707E94EB419}.Release|Any CPU.Build.0 = Release|Any CPU
		{34B5F5DE-B9E9-455B-B810-408996B4F1A2}.Debug|Any CPU.ActiveCfg = Debug|Any CPU
		{34B5F5DE-B9E9-455B-B810-408996B4F1A2}.Debug|Any CPU.Build.0 = Debug|Any CPU
		{34B5F5DE-B9E9-455B-B810-408996B4F1A2}.Release|Any CPU.ActiveCfg = Release|Any CPU
		{34B5F5DE-B9E9-455B-B810-408996B4F1A2}.Release|Any CPU.Build.0 = Release|Any CPU
		{6AC4D1EB-226C-4396-8E32-1723AA9F352B}.Debug|Any CPU.ActiveCfg = Debug|Any CPU
		{6AC4D1EB-226C-4396-8E32-1723AA9F352B}.Debug|Any CPU.Build.0 = Debug|Any CPU
		{6AC4D1EB-226C-4396-8E32-1723AA9F352B}.Release|Any CPU.ActiveCfg = Release|Any CPU
		{6AC4D1EB-226C-4396-8E32-1723AA9F352B}.Release|Any CPU.Build.0 = Release|Any CPU
		{2739590F-5BEF-41E3-BC9B-F3142BF48511}.Debug|Any CPU.ActiveCfg = Debug|Any CPU
		{2739590F-5BEF-41E3-BC9B-F3142BF48511}.Debug|Any CPU.Build.0 = Debug|Any CPU
		{2739590F-5BEF-41E3-BC9B-F3142BF48511}.Release|Any CPU.ActiveCfg = Release|Any CPU
		{2739590F-5BEF-41E3-BC9B-F3142BF48511}.Release|Any CPU.Build.0 = Release|Any CPU
		{55F1A21E-45F4-4AEA-BE2D-A57E77D2892A}.Debug|Any CPU.ActiveCfg = Debug|Any CPU
		{55F1A21E-45F4-4AEA-BE2D-A57E77D2892A}.Debug|Any CPU.Build.0 = Debug|Any CPU
		{55F1A21E-45F4-4AEA-BE2D-A57E77D2892A}.Release|Any CPU.ActiveCfg = Release|Any CPU
		{55F1A21E-45F4-4AEA-BE2D-A57E77D2892A}.Release|Any CPU.Build.0 = Release|Any CPU
		{C0C3B26E-1352-4C2D-9577-D791B2D2097E}.Debug|Any CPU.ActiveCfg = Debug|Any CPU
		{C0C3B26E-1352-4C2D-9577-D791B2D2097E}.Debug|Any CPU.Build.0 = Debug|Any CPU
		{C0C3B26E-1352-4C2D-9577-D791B2D2097E}.Release|Any CPU.ActiveCfg = Release|Any CPU
		{C0C3B26E-1352-4C2D-9577-D791B2D2097E}.Release|Any CPU.Build.0 = Release|Any CPU
		{21D247EF-33D8-49DB-9E1B-1C0E9EA8A40F}.Debug|Any CPU.ActiveCfg = Debug|Any CPU
		{21D247EF-33D8-49DB-9E1B-1C0E9EA8A40F}.Debug|Any CPU.Build.0 = Debug|Any CPU
		{21D247EF-33D8-49DB-9E1B-1C0E9EA8A40F}.Release|Any CPU.ActiveCfg = Release|Any CPU
		{21D247EF-33D8-49DB-9E1B-1C0E9EA8A40F}.Release|Any CPU.Build.0 = Release|Any CPU
	EndGlobalSection
	GlobalSection(SolutionProperties) = preSolution
		HideSolutionNode = FALSE
	EndGlobalSection
	GlobalSection(ExtensibilityGlobals) = postSolution
		SolutionGuid = {36C554C5-D3AF-4BDF-95E1-E645CF4D1069}
	EndGlobalSection
EndGlobal
